PODS:
  - GoogleMaps/Base (2.0.1)
  - GooglePlaces (2.0.1):
    - GoogleMaps/Base (= 2.0.1)

DEPENDENCIES:
  - GooglePlaces

SPEC CHECKSUMS:
  GoogleMaps: f09da64fc987c1aa29394567c3cab5a3df83c402
  GooglePlaces: 72fab1d1651c6df0322f2aad245ffb15b80d3c56

PODFILE CHECKSUM: efa21e8060559e9d736ab25fe248624d04e25be9

COCOAPODS: 1.1.0.rc.3
