// !$*UTF8*$!
{
	archiveVersion = 1;
	classes = {
	};
	objectVersion = 46;
	objects = {

/* Begin PBXBuildFile section */
		250347C01DDD1A1B00B896AA /* AccountCreationViewController.swift in Sources */ = {isa = PBXBuildFile; fileRef = 250347BE1DDD1A1B00B896AA /* AccountCreationViewController.swift */; };
		250347EA1DDF597500B896AA /* FBSDKCoreKit.framework in Frameworks */ = {isa = PBXBuildFile; fileRef = 250347E91DDF597500B896AA /* FBSDKCoreKit.framework */; };
		250347EC1DDF67EA00B896AA /* FBSDKLoginKit.framework in Frameworks */ = {isa = PBXBuildFile; fileRef = 250347EB1DDF67EA00B896AA /* FBSDKLoginKit.framework */; };
		25C9897C1DE347DB003C993C /* ChatViewController.swift in Sources */ = {isa = PBXBuildFile; fileRef = 25C9897B1DE347DB003C993C /* ChatViewController.swift */; };
		25E4F4A91DEA107B00CFDE32 /* (null) in Sources */ = {isa = PBXBuildFile; };
		25E4F4AB1DEA10B600CFDE32 /* Chat.storyboard in Resources */ = {isa = PBXBuildFile; fileRef = 25E4F4AA1DEA10B600CFDE32 /* Chat.storyboard */; };
		2623031424E2DCD30372C65C /* Pods_FlatironMasterpiece.framework in Frameworks */ = {isa = PBXBuildFile; fileRef = B360800C2A9D1D23C9C5FE1A /* Pods_FlatironMasterpiece.framework */; };
		270DAE361DEF8D6300100E58 /* GoogleService-Info.plist in Resources */ = {isa = PBXBuildFile; fileRef = 270DAE351DEF8D6300100E58 /* GoogleService-Info.plist */; };
		2726A7DC1DEE049E00ABE4BA /* Restaurant.swift in Sources */ = {isa = PBXBuildFile; fileRef = 2726A7DA1DEE049E00ABE4BA /* Restaurant.swift */; };
		2726A7DD1DEE049E00ABE4BA /* User.swift in Sources */ = {isa = PBXBuildFile; fileRef = 2726A7DB1DEE049E00ABE4BA /* User.swift */; };
		278E32AB1DEDEAFA00D35576 /* Secrets.swift in Sources */ = {isa = PBXBuildFile; fileRef = 278E32AA1DEDEAFA00D35576 /* Secrets.swift */; };
		27AAFE2F1DDAC9AA00C08348 /* AppDelegate.swift in Sources */ = {isa = PBXBuildFile; fileRef = 27AAFE2E1DDAC9AA00C08348 /* AppDelegate.swift */; };
		27AAFE361DDAC9AA00C08348 /* Assets.xcassets in Resources */ = {isa = PBXBuildFile; fileRef = 27AAFE351DDAC9AA00C08348 /* Assets.xcassets */; };
		27AAFE391DDAC9AA00C08348 /* LaunchScreen.storyboard in Resources */ = {isa = PBXBuildFile; fileRef = 27AAFE371DDAC9AA00C08348 /* LaunchScreen.storyboard */; };
		27E72DD91DDEAC14007EC098 /* AccountCreationView.swift in Sources */ = {isa = PBXBuildFile; fileRef = 27E72DD81DDEAC14007EC098 /* AccountCreationView.swift */; };
		452C599A1DE5EABC005884EE /* SelectedRestaurant.xib in Resources */ = {isa = PBXBuildFile; fileRef = 452C59991DE5EABC005884EE /* SelectedRestaurant.xib */; };
		453921331DEB8C0B00D19A45 /* TagAlongViewController.swift in Sources */ = {isa = PBXBuildFile; fileRef = 453921321DEB8C0B00D19A45 /* TagAlongViewController.swift */; };
		453921351DEB8E5100D19A45 /* TabBarController.swift in Sources */ = {isa = PBXBuildFile; fileRef = 453921341DEB8E5100D19A45 /* TabBarController.swift */; };
		4539213F1DEC777300D19A45 /* TableViewCell.xib in Resources */ = {isa = PBXBuildFile; fileRef = 4539213E1DEC777300D19A45 /* TableViewCell.xib */; };
		453921411DEC778700D19A45 /* TableViewCell.swift in Sources */ = {isa = PBXBuildFile; fileRef = 453921401DEC778700D19A45 /* TableViewCell.swift */; };
		453E06B21DE8E8C6007EE25A /* RestaurantView.swift in Sources */ = {isa = PBXBuildFile; fileRef = 453E06B11DE8E8C6007EE25A /* RestaurantView.swift */; };
		453E06B41DE8EBC8007EE25A /* SelectedRestaurantViewController.swift in Sources */ = {isa = PBXBuildFile; fileRef = 453E06B31DE8EBC8007EE25A /* SelectedRestaurantViewController.swift */; };
		45AB2D821DDD7F9400F5D09A /* RestaurantDataStore.swift in Sources */ = {isa = PBXBuildFile; fileRef = 45AB2D811DDD7F9400F5D09A /* RestaurantDataStore.swift */; };
		45AD14421DE166C9005B91CD /* PreferencesViewController.swift in Sources */ = {isa = PBXBuildFile; fileRef = 45AD14411DE166C9005B91CD /* PreferencesViewController.swift */; };
		45AD14441DE16E16005B91CD /* GetLocationViewController.swift in Sources */ = {isa = PBXBuildFile; fileRef = 45AD14431DE16E16005B91CD /* GetLocationViewController.swift */; };
		45C84AAB1DDE2A8E00E623F8 /* UsersDataStore.swift in Sources */ = {isa = PBXBuildFile; fileRef = 45C84AAA1DDE2A8E00E623F8 /* UsersDataStore.swift */; };
		45F19ADC1DED2B36007EAACD /* YanoneKaffeesatz-Bold.ttf in Resources */ = {isa = PBXBuildFile; fileRef = 45F19AD81DED2B36007EAACD /* YanoneKaffeesatz-Bold.ttf */; };
		45F19ADD1DED2B36007EAACD /* YanoneKaffeesatz-ExtraLight.ttf in Resources */ = {isa = PBXBuildFile; fileRef = 45F19AD91DED2B36007EAACD /* YanoneKaffeesatz-ExtraLight.ttf */; };
		45F19ADE1DED2B36007EAACD /* YanoneKaffeesatz-Light.ttf in Resources */ = {isa = PBXBuildFile; fileRef = 45F19ADA1DED2B36007EAACD /* YanoneKaffeesatz-Light.ttf */; };
		45F19ADF1DED2B36007EAACD /* YanoneKaffeesatz-Regular.ttf in Resources */ = {isa = PBXBuildFile; fileRef = 45F19ADB1DED2B36007EAACD /* YanoneKaffeesatz-Regular.ttf */; };
		45F19AEB1DEDCE33007EAACD /* OpenSans-Bold.ttf in Resources */ = {isa = PBXBuildFile; fileRef = 45F19AE11DEDCE33007EAACD /* OpenSans-Bold.ttf */; };
		45F19AEC1DEDCE33007EAACD /* OpenSans-BoldItalic.ttf in Resources */ = {isa = PBXBuildFile; fileRef = 45F19AE21DEDCE33007EAACD /* OpenSans-BoldItalic.ttf */; };
		45F19AED1DEDCE33007EAACD /* OpenSans-ExtraBold.ttf in Resources */ = {isa = PBXBuildFile; fileRef = 45F19AE31DEDCE33007EAACD /* OpenSans-ExtraBold.ttf */; };
		45F19AEE1DEDCE33007EAACD /* OpenSans-ExtraBoldItalic.ttf in Resources */ = {isa = PBXBuildFile; fileRef = 45F19AE41DEDCE33007EAACD /* OpenSans-ExtraBoldItalic.ttf */; };
		45F19AEF1DEDCE33007EAACD /* OpenSans-Italic.ttf in Resources */ = {isa = PBXBuildFile; fileRef = 45F19AE51DEDCE33007EAACD /* OpenSans-Italic.ttf */; };
		45F19AF01DEDCE33007EAACD /* OpenSans-Light.ttf in Resources */ = {isa = PBXBuildFile; fileRef = 45F19AE61DEDCE33007EAACD /* OpenSans-Light.ttf */; };
		45F19AF11DEDCE33007EAACD /* OpenSans-LightItalic.ttf in Resources */ = {isa = PBXBuildFile; fileRef = 45F19AE71DEDCE33007EAACD /* OpenSans-LightItalic.ttf */; };
		45F19AF21DEDCE33007EAACD /* OpenSans-Regular.ttf in Resources */ = {isa = PBXBuildFile; fileRef = 45F19AE81DEDCE33007EAACD /* OpenSans-Regular.ttf */; };
		45F19AF31DEDCE33007EAACD /* OpenSans-Semibold.ttf in Resources */ = {isa = PBXBuildFile; fileRef = 45F19AE91DEDCE33007EAACD /* OpenSans-Semibold.ttf */; };
		45F19AF41DEDCE33007EAACD /* OpenSans-SemiboldItalic.ttf in Resources */ = {isa = PBXBuildFile; fileRef = 45F19AEA1DEDCE33007EAACD /* OpenSans-SemiboldItalic.ttf */; };
		45F509F81DE4E92900A4F9C4 /* ShakeInstructionViewController.swift in Sources */ = {isa = PBXBuildFile; fileRef = 45F509F71DE4E92900A4F9C4 /* ShakeInstructionViewController.swift */; };
		45F509FA1DE4F1CA00A4F9C4 /* ShakeGestureView.xib in Resources */ = {isa = PBXBuildFile; fileRef = 45F509F91DE4F1CA00A4F9C4 /* ShakeGestureView.xib */; };
		45F509FC1DE4FD0D00A4F9C4 /* ShakeView.swift in Sources */ = {isa = PBXBuildFile; fileRef = 45F509FB1DE4FD0D00A4F9C4 /* ShakeView.swift */; };
		45F553461DDCF01E002E799A /* APIClientGooglePlaces.swift in Sources */ = {isa = PBXBuildFile; fileRef = 45F553451DDCF01E002E799A /* APIClientGooglePlaces.swift */; };
		45F8AD6D1DDF5155001BD45C /* Extensions.swift in Sources */ = {isa = PBXBuildFile; fileRef = 45F8AD6C1DDF5155001BD45C /* Extensions.swift */; };
		45F8AD8F1DDF83CF001BD45C /* CuisineCollectionViewCell.swift in Sources */ = {isa = PBXBuildFile; fileRef = 45F8AD8E1DDF83CF001BD45C /* CuisineCollectionViewCell.swift */; };
		45FA58231DE9D1EF0075D914 /* SearchOrTagAlongViewController.swift in Sources */ = {isa = PBXBuildFile; fileRef = 45FA58221DE9D1EF0075D914 /* SearchOrTagAlongViewController.swift */; };
		950A2C691DE5FF3E001F2145 /* CardView.swift in Sources */ = {isa = PBXBuildFile; fileRef = 950A2C681DE5FF3E001F2145 /* CardView.swift */; };
		950A2C6B1DE61C57001F2145 /* CardViewController.swift in Sources */ = {isa = PBXBuildFile; fileRef = 950A2C6A1DE61C57001F2145 /* CardViewController.swift */; };
		950A2C6D1DE9F95D001F2145 /* Direction.swift in Sources */ = {isa = PBXBuildFile; fileRef = 950A2C6C1DE9F95D001F2145 /* Direction.swift */; };
		950A2C6F1DEC9F01001F2145 /* Scheduler.swift in Sources */ = {isa = PBXBuildFile; fileRef = 950A2C6E1DEC9F01001F2145 /* Scheduler.swift */; };
		95948B931DDE53B900C94BB4 /* LogInViewController.swift in Sources */ = {isa = PBXBuildFile; fileRef = 95948B921DDE53B900C94BB4 /* LogInViewController.swift */; };
/* End PBXBuildFile section */

/* Begin PBXFileReference section */
		250347BE1DDD1A1B00B896AA /* AccountCreationViewController.swift */ = {isa = PBXFileReference; fileEncoding = 4; lastKnownFileType = sourcecode.swift; path = AccountCreationViewController.swift; sourceTree = "<group>"; };
		250347E91DDF597500B896AA /* FBSDKCoreKit.framework */ = {isa = PBXFileReference; lastKnownFileType = wrapper.framework; name = FBSDKCoreKit.framework; path = "../../../Documents/FacebookSDKs-iOS-4.17.0/FBSDKCoreKit.framework"; sourceTree = "<group>"; };
		250347EB1DDF67EA00B896AA /* FBSDKLoginKit.framework */ = {isa = PBXFileReference; lastKnownFileType = wrapper.framework; name = FBSDKLoginKit.framework; path = ../../../Documents/FacebookSDK/FBSDKLoginKit.framework; sourceTree = "<group>"; };
		250347ED1DDFB8B400B896AA /* FlatironMasterpiece.entitlements */ = {isa = PBXFileReference; lastKnownFileType = text.plist.entitlements; path = FlatironMasterpiece.entitlements; sourceTree = "<group>"; };
		25C989771DE0ACE5003C993C /* Secrets.swift */ = {isa = PBXFileReference; fileEncoding = 4; lastKnownFileType = sourcecode.swift; path = Secrets.swift; sourceTree = "<group>"; };
		25C9897B1DE347DB003C993C /* ChatViewController.swift */ = {isa = PBXFileReference; fileEncoding = 4; lastKnownFileType = sourcecode.swift; path = ChatViewController.swift; sourceTree = "<group>"; };
		25E4F4AA1DEA10B600CFDE32 /* Chat.storyboard */ = {isa = PBXFileReference; fileEncoding = 4; lastKnownFileType = file.storyboard; path = Chat.storyboard; sourceTree = "<group>"; };
		270DAE351DEF8D6300100E58 /* GoogleService-Info.plist */ = {isa = PBXFileReference; fileEncoding = 4; lastKnownFileType = text.plist.xml; path = "GoogleService-Info.plist"; sourceTree = "<group>"; };
		2714E7471DE3392A00A7F4A4 /* spreads.jpg */ = {isa = PBXFileReference; lastKnownFileType = image.jpeg; path = spreads.jpg; sourceTree = "<group>"; };
		2726A7DA1DEE049E00ABE4BA /* Restaurant.swift */ = {isa = PBXFileReference; fileEncoding = 4; lastKnownFileType = sourcecode.swift; path = Restaurant.swift; sourceTree = "<group>"; };
		2726A7DB1DEE049E00ABE4BA /* User.swift */ = {isa = PBXFileReference; fileEncoding = 4; lastKnownFileType = sourcecode.swift; path = User.swift; sourceTree = "<group>"; };
		278E32AA1DEDEAFA00D35576 /* Secrets.swift */ = {isa = PBXFileReference; fileEncoding = 4; lastKnownFileType = sourcecode.swift; path = Secrets.swift; sourceTree = "<group>"; };
		27AAFE2B1DDAC9AA00C08348 /* FlatironMasterpiece.app */ = {isa = PBXFileReference; explicitFileType = wrapper.application; includeInIndex = 0; path = FlatironMasterpiece.app; sourceTree = BUILT_PRODUCTS_DIR; };
		27AAFE2E1DDAC9AA00C08348 /* AppDelegate.swift */ = {isa = PBXFileReference; lastKnownFileType = sourcecode.swift; path = AppDelegate.swift; sourceTree = "<group>"; };
		27AAFE351DDAC9AA00C08348 /* Assets.xcassets */ = {isa = PBXFileReference; lastKnownFileType = folder.assetcatalog; path = Assets.xcassets; sourceTree = "<group>"; };
		27AAFE381DDAC9AA00C08348 /* Base */ = {isa = PBXFileReference; lastKnownFileType = file.storyboard; name = Base; path = Base.lproj/LaunchScreen.storyboard; sourceTree = "<group>"; };
		27AAFE3A1DDAC9AA00C08348 /* Info.plist */ = {isa = PBXFileReference; lastKnownFileType = text.plist.xml; path = Info.plist; sourceTree = "<group>"; };
		27E72DD81DDEAC14007EC098 /* AccountCreationView.swift */ = {isa = PBXFileReference; fileEncoding = 4; lastKnownFileType = sourcecode.swift; path = AccountCreationView.swift; sourceTree = "<group>"; };
		452C59991DE5EABC005884EE /* SelectedRestaurant.xib */ = {isa = PBXFileReference; fileEncoding = 4; lastKnownFileType = file.xib; path = SelectedRestaurant.xib; sourceTree = "<group>"; };
		453921321DEB8C0B00D19A45 /* TagAlongViewController.swift */ = {isa = PBXFileReference; fileEncoding = 4; lastKnownFileType = sourcecode.swift; path = TagAlongViewController.swift; sourceTree = "<group>"; };
		453921341DEB8E5100D19A45 /* TabBarController.swift */ = {isa = PBXFileReference; fileEncoding = 4; lastKnownFileType = sourcecode.swift; path = TabBarController.swift; sourceTree = "<group>"; };
		4539213E1DEC777300D19A45 /* TableViewCell.xib */ = {isa = PBXFileReference; fileEncoding = 4; lastKnownFileType = file.xib; path = TableViewCell.xib; sourceTree = "<group>"; };
		453921401DEC778700D19A45 /* TableViewCell.swift */ = {isa = PBXFileReference; fileEncoding = 4; lastKnownFileType = sourcecode.swift; path = TableViewCell.swift; sourceTree = "<group>"; };
		453E06B11DE8E8C6007EE25A /* RestaurantView.swift */ = {isa = PBXFileReference; fileEncoding = 4; lastKnownFileType = sourcecode.swift; path = RestaurantView.swift; sourceTree = "<group>"; };
		453E06B31DE8EBC8007EE25A /* SelectedRestaurantViewController.swift */ = {isa = PBXFileReference; fileEncoding = 4; lastKnownFileType = sourcecode.swift; path = SelectedRestaurantViewController.swift; sourceTree = "<group>"; };
		45AB2D811DDD7F9400F5D09A /* RestaurantDataStore.swift */ = {isa = PBXFileReference; fileEncoding = 4; lastKnownFileType = sourcecode.swift; path = RestaurantDataStore.swift; sourceTree = "<group>"; };
		45AD14411DE166C9005B91CD /* PreferencesViewController.swift */ = {isa = PBXFileReference; fileEncoding = 4; lastKnownFileType = sourcecode.swift; path = PreferencesViewController.swift; sourceTree = "<group>"; };
		45AD14431DE16E16005B91CD /* GetLocationViewController.swift */ = {isa = PBXFileReference; fileEncoding = 4; lastKnownFileType = sourcecode.swift; path = GetLocationViewController.swift; sourceTree = "<group>"; };
		45C84AAA1DDE2A8E00E623F8 /* UsersDataStore.swift */ = {isa = PBXFileReference; fileEncoding = 4; lastKnownFileType = sourcecode.swift; path = UsersDataStore.swift; sourceTree = "<group>"; };
		45F19AD81DED2B36007EAACD /* YanoneKaffeesatz-Bold.ttf */ = {isa = PBXFileReference; lastKnownFileType = file; name = "YanoneKaffeesatz-Bold.ttf"; path = "../Yanone_Kaffeesatz/YanoneKaffeesatz-Bold.ttf"; sourceTree = "<group>"; };
		45F19AD91DED2B36007EAACD /* YanoneKaffeesatz-ExtraLight.ttf */ = {isa = PBXFileReference; lastKnownFileType = file; name = "YanoneKaffeesatz-ExtraLight.ttf"; path = "../Yanone_Kaffeesatz/YanoneKaffeesatz-ExtraLight.ttf"; sourceTree = "<group>"; };
		45F19ADA1DED2B36007EAACD /* YanoneKaffeesatz-Light.ttf */ = {isa = PBXFileReference; lastKnownFileType = file; name = "YanoneKaffeesatz-Light.ttf"; path = "../Yanone_Kaffeesatz/YanoneKaffeesatz-Light.ttf"; sourceTree = "<group>"; };
		45F19ADB1DED2B36007EAACD /* YanoneKaffeesatz-Regular.ttf */ = {isa = PBXFileReference; lastKnownFileType = file; name = "YanoneKaffeesatz-Regular.ttf"; path = "../Yanone_Kaffeesatz/YanoneKaffeesatz-Regular.ttf"; sourceTree = "<group>"; };
		45F19AE11DEDCE33007EAACD /* OpenSans-Bold.ttf */ = {isa = PBXFileReference; lastKnownFileType = file; name = "OpenSans-Bold.ttf"; path = "../OpenSans-Bold.ttf"; sourceTree = "<group>"; };
		45F19AE21DEDCE33007EAACD /* OpenSans-BoldItalic.ttf */ = {isa = PBXFileReference; lastKnownFileType = file; name = "OpenSans-BoldItalic.ttf"; path = "../OpenSans-BoldItalic.ttf"; sourceTree = "<group>"; };
		45F19AE31DEDCE33007EAACD /* OpenSans-ExtraBold.ttf */ = {isa = PBXFileReference; lastKnownFileType = file; name = "OpenSans-ExtraBold.ttf"; path = "../OpenSans-ExtraBold.ttf"; sourceTree = "<group>"; };
		45F19AE41DEDCE33007EAACD /* OpenSans-ExtraBoldItalic.ttf */ = {isa = PBXFileReference; lastKnownFileType = file; name = "OpenSans-ExtraBoldItalic.ttf"; path = "../OpenSans-ExtraBoldItalic.ttf"; sourceTree = "<group>"; };
		45F19AE51DEDCE33007EAACD /* OpenSans-Italic.ttf */ = {isa = PBXFileReference; lastKnownFileType = file; name = "OpenSans-Italic.ttf"; path = "../OpenSans-Italic.ttf"; sourceTree = "<group>"; };
		45F19AE61DEDCE33007EAACD /* OpenSans-Light.ttf */ = {isa = PBXFileReference; lastKnownFileType = file; name = "OpenSans-Light.ttf"; path = "../OpenSans-Light.ttf"; sourceTree = "<group>"; };
		45F19AE71DEDCE33007EAACD /* OpenSans-LightItalic.ttf */ = {isa = PBXFileReference; lastKnownFileType = file; name = "OpenSans-LightItalic.ttf"; path = "../OpenSans-LightItalic.ttf"; sourceTree = "<group>"; };
		45F19AE81DEDCE33007EAACD /* OpenSans-Regular.ttf */ = {isa = PBXFileReference; lastKnownFileType = file; name = "OpenSans-Regular.ttf"; path = "../OpenSans-Regular.ttf"; sourceTree = "<group>"; };
		45F19AE91DEDCE33007EAACD /* OpenSans-Semibold.ttf */ = {isa = PBXFileReference; lastKnownFileType = file; name = "OpenSans-Semibold.ttf"; path = "../OpenSans-Semibold.ttf"; sourceTree = "<group>"; };
		45F19AEA1DEDCE33007EAACD /* OpenSans-SemiboldItalic.ttf */ = {isa = PBXFileReference; lastKnownFileType = file; name = "OpenSans-SemiboldItalic.ttf"; path = "../OpenSans-SemiboldItalic.ttf"; sourceTree = "<group>"; };
		45F509F71DE4E92900A4F9C4 /* ShakeInstructionViewController.swift */ = {isa = PBXFileReference; fileEncoding = 4; lastKnownFileType = sourcecode.swift; path = ShakeInstructionViewController.swift; sourceTree = "<group>"; };
		45F509F91DE4F1CA00A4F9C4 /* ShakeGestureView.xib */ = {isa = PBXFileReference; fileEncoding = 4; lastKnownFileType = file.xib; path = ShakeGestureView.xib; sourceTree = "<group>"; };
		45F509FB1DE4FD0D00A4F9C4 /* ShakeView.swift */ = {isa = PBXFileReference; fileEncoding = 4; lastKnownFileType = sourcecode.swift; path = ShakeView.swift; sourceTree = "<group>"; };
		45F553451DDCF01E002E799A /* APIClientGooglePlaces.swift */ = {isa = PBXFileReference; fileEncoding = 4; lastKnownFileType = sourcecode.swift; path = APIClientGooglePlaces.swift; sourceTree = "<group>"; };
		45F8AD6C1DDF5155001BD45C /* Extensions.swift */ = {isa = PBXFileReference; fileEncoding = 4; lastKnownFileType = sourcecode.swift; path = Extensions.swift; sourceTree = "<group>"; };
		45F8AD8E1DDF83CF001BD45C /* CuisineCollectionViewCell.swift */ = {isa = PBXFileReference; fileEncoding = 4; lastKnownFileType = sourcecode.swift; path = CuisineCollectionViewCell.swift; sourceTree = "<group>"; };
		45FA58221DE9D1EF0075D914 /* SearchOrTagAlongViewController.swift */ = {isa = PBXFileReference; fileEncoding = 4; lastKnownFileType = sourcecode.swift; path = SearchOrTagAlongViewController.swift; sourceTree = "<group>"; };
		5EBB6121FCD11B18DB9E3EE7 /* Pods-FlatironMasterpiece.release.xcconfig */ = {isa = PBXFileReference; includeInIndex = 1; lastKnownFileType = text.xcconfig; name = "Pods-FlatironMasterpiece.release.xcconfig"; path = "Pods/Target Support Files/Pods-FlatironMasterpiece/Pods-FlatironMasterpiece.release.xcconfig"; sourceTree = "<group>"; };
		950A2C681DE5FF3E001F2145 /* CardView.swift */ = {isa = PBXFileReference; fileEncoding = 4; lastKnownFileType = sourcecode.swift; path = CardView.swift; sourceTree = "<group>"; };
		950A2C6A1DE61C57001F2145 /* CardViewController.swift */ = {isa = PBXFileReference; fileEncoding = 4; lastKnownFileType = sourcecode.swift; name = CardViewController.swift; path = ../CardViewController.swift; sourceTree = "<group>"; };
		950A2C6C1DE9F95D001F2145 /* Direction.swift */ = {isa = PBXFileReference; fileEncoding = 4; lastKnownFileType = sourcecode.swift; path = Direction.swift; sourceTree = "<group>"; };
		950A2C6E1DEC9F01001F2145 /* Scheduler.swift */ = {isa = PBXFileReference; fileEncoding = 4; lastKnownFileType = sourcecode.swift; path = Scheduler.swift; sourceTree = "<group>"; };
		95948B921DDE53B900C94BB4 /* LogInViewController.swift */ = {isa = PBXFileReference; fileEncoding = 4; lastKnownFileType = sourcecode.swift; path = LogInViewController.swift; sourceTree = "<group>"; };
		B360800C2A9D1D23C9C5FE1A /* Pods_FlatironMasterpiece.framework */ = {isa = PBXFileReference; explicitFileType = wrapper.framework; includeInIndex = 0; path = Pods_FlatironMasterpiece.framework; sourceTree = BUILT_PRODUCTS_DIR; };
		D21ECE4CD9C9E494BBB53F75 /* Pods-FlatironMasterpiece.debug.xcconfig */ = {isa = PBXFileReference; includeInIndex = 1; lastKnownFileType = text.xcconfig; name = "Pods-FlatironMasterpiece.debug.xcconfig"; path = "Pods/Target Support Files/Pods-FlatironMasterpiece/Pods-FlatironMasterpiece.debug.xcconfig"; sourceTree = "<group>"; };
/* End PBXFileReference section */

/* Begin PBXFrameworksBuildPhase section */
		27AAFE281DDAC9AA00C08348 /* Frameworks */ = {
			isa = PBXFrameworksBuildPhase;
			buildActionMask = 2147483647;
			files = (
				2623031424E2DCD30372C65C /* Pods_FlatironMasterpiece.framework in Frameworks */,
				250347EA1DDF597500B896AA /* FBSDKCoreKit.framework in Frameworks */,
				250347EC1DDF67EA00B896AA /* FBSDKLoginKit.framework in Frameworks */,
			);
			runOnlyForDeploymentPostprocessing = 0;
		};
/* End PBXFrameworksBuildPhase section */

/* Begin PBXGroup section */
		27AAFE221DDAC9AA00C08348 = {
			isa = PBXGroup;
			children = (
				27AAFE2D1DDAC9AA00C08348 /* FlatironMasterpiece */,
				27AAFE2C1DDAC9AA00C08348 /* Products */,
				45F19AE01DEDCE0C007EAACD /* Fonts */,
				F21936DC72EBB2F540AE7ED2 /* Pods */,
				F47726B9129C6E69575B1848 /* Frameworks */,
			);
			sourceTree = "<group>";
		};
		27AAFE2C1DDAC9AA00C08348 /* Products */ = {
			isa = PBXGroup;
			children = (
				27AAFE2B1DDAC9AA00C08348 /* FlatironMasterpiece.app */,
			);
			name = Products;
			sourceTree = "<group>";
		};
		27AAFE2D1DDAC9AA00C08348 /* FlatironMasterpiece */ = {
			isa = PBXGroup;
			children = (
				27AAFE2E1DDAC9AA00C08348 /* AppDelegate.swift */,
				25E4F4AA1DEA10B600CFDE32 /* Chat.storyboard */,
				452C599B1DE61D1D005884EE /* DataStores */,
				452C599D1DE61D65005884EE /* Models */,
				452C599E1DE61E34005884EE /* Controllers */,
				452C599C1DE61D4A005884EE /* Xibs */,
				452C599F1DE61E95005884EE /* View */,
				25C989771DE0ACE5003C993C /* Secrets.swift */,
				250347BE1DDD1A1B00B896AA /* AccountCreationViewController.swift */,
				25C9897B1DE347DB003C993C /* ChatViewController.swift */,
				45F553471DDCF03A002E799A /* APIClients */,
				27AAFE351DDAC9AA00C08348 /* Assets.xcassets */,
				2714E7471DE3392A00A7F4A4 /* spreads.jpg */,
				950A2C6C1DE9F95D001F2145 /* Direction.swift */,
				45F8AD8E1DDF83CF001BD45C /* CuisineCollectionViewCell.swift */,
				45F8AD6C1DDF5155001BD45C /* Extensions.swift */,
				250347ED1DDFB8B400B896AA /* FlatironMasterpiece.entitlements */,
				27AAFE3A1DDAC9AA00C08348 /* Info.plist */,
				27AAFE371DDAC9AA00C08348 /* LaunchScreen.storyboard */,
				278E32AA1DEDEAFA00D35576 /* Secrets.swift */,
				950A2C6E1DEC9F01001F2145 /* Scheduler.swift */,
				270DAE351DEF8D6300100E58 /* GoogleService-Info.plist */,
			);
			path = FlatironMasterpiece;
			sourceTree = "<group>";
		};
		452C599B1DE61D1D005884EE /* DataStores */ = {
			isa = PBXGroup;
			children = (
				45AB2D811DDD7F9400F5D09A /* RestaurantDataStore.swift */,
				45C84AAA1DDE2A8E00E623F8 /* UsersDataStore.swift */,
			);
			name = DataStores;
			sourceTree = "<group>";
		};
		452C599C1DE61D4A005884EE /* Xibs */ = {
			isa = PBXGroup;
			children = (
				45F509F91DE4F1CA00A4F9C4 /* ShakeGestureView.xib */,
				4539213E1DEC777300D19A45 /* TableViewCell.xib */,
				452C59991DE5EABC005884EE /* SelectedRestaurant.xib */,
			);
			name = Xibs;
			sourceTree = "<group>";
		};
		452C599D1DE61D65005884EE /* Models */ = {
			isa = PBXGroup;
			children = (
				2726A7DA1DEE049E00ABE4BA /* Restaurant.swift */,
				2726A7DB1DEE049E00ABE4BA /* User.swift */,
			);
			name = Models;
			sourceTree = "<group>";
		};
		452C599E1DE61E34005884EE /* Controllers */ = {
			isa = PBXGroup;
			children = (
				45FA58221DE9D1EF0075D914 /* SearchOrTagAlongViewController.swift */,
				453921321DEB8C0B00D19A45 /* TagAlongViewController.swift */,
				453921341DEB8E5100D19A45 /* TabBarController.swift */,
				453E06B31DE8EBC8007EE25A /* SelectedRestaurantViewController.swift */,
				950A2C6A1DE61C57001F2145 /* CardViewController.swift */,
				45AD14431DE16E16005B91CD /* GetLocationViewController.swift */,
				45F509F71DE4E92900A4F9C4 /* ShakeInstructionViewController.swift */,
				45AD14411DE166C9005B91CD /* PreferencesViewController.swift */,
				95948B921DDE53B900C94BB4 /* LogInViewController.swift */,
			);
			name = Controllers;
			sourceTree = "<group>";
		};
		452C599F1DE61E95005884EE /* View */ = {
			isa = PBXGroup;
			children = (
				27E72DD81DDEAC14007EC098 /* AccountCreationView.swift */,
				453921401DEC778700D19A45 /* TableViewCell.swift */,
				453E06B11DE8E8C6007EE25A /* RestaurantView.swift */,
				950A2C681DE5FF3E001F2145 /* CardView.swift */,
				45F509FB1DE4FD0D00A4F9C4 /* ShakeView.swift */,
			);
			name = View;
			sourceTree = "<group>";
		};
		45F19AE01DEDCE0C007EAACD /* Fonts */ = {
			isa = PBXGroup;
			children = (
				45F19AE11DEDCE33007EAACD /* OpenSans-Bold.ttf */,
				45F19AE21DEDCE33007EAACD /* OpenSans-BoldItalic.ttf */,
				45F19AE31DEDCE33007EAACD /* OpenSans-ExtraBold.ttf */,
				45F19AE41DEDCE33007EAACD /* OpenSans-ExtraBoldItalic.ttf */,
				45F19AE51DEDCE33007EAACD /* OpenSans-Italic.ttf */,
				45F19AE61DEDCE33007EAACD /* OpenSans-Light.ttf */,
				45F19AE71DEDCE33007EAACD /* OpenSans-LightItalic.ttf */,
				45F19AE81DEDCE33007EAACD /* OpenSans-Regular.ttf */,
				45F19AE91DEDCE33007EAACD /* OpenSans-Semibold.ttf */,
				45F19AEA1DEDCE33007EAACD /* OpenSans-SemiboldItalic.ttf */,
				45F19AD81DED2B36007EAACD /* YanoneKaffeesatz-Bold.ttf */,
				45F19AD91DED2B36007EAACD /* YanoneKaffeesatz-ExtraLight.ttf */,
				45F19ADA1DED2B36007EAACD /* YanoneKaffeesatz-Light.ttf */,
				45F19ADB1DED2B36007EAACD /* YanoneKaffeesatz-Regular.ttf */,
			);
			name = Fonts;
			path = FlatironMasterpiece;
			sourceTree = "<group>";
		};
		45F553471DDCF03A002E799A /* APIClients */ = {
			isa = PBXGroup;
			children = (
				45F553451DDCF01E002E799A /* APIClientGooglePlaces.swift */,
			);
			name = APIClients;
			sourceTree = "<group>";
		};
		F21936DC72EBB2F540AE7ED2 /* Pods */ = {
			isa = PBXGroup;
			children = (
				D21ECE4CD9C9E494BBB53F75 /* Pods-FlatironMasterpiece.debug.xcconfig */,
				5EBB6121FCD11B18DB9E3EE7 /* Pods-FlatironMasterpiece.release.xcconfig */,
			);
			name = Pods;
			sourceTree = "<group>";
		};
		F47726B9129C6E69575B1848 /* Frameworks */ = {
			isa = PBXGroup;
			children = (
				250347EB1DDF67EA00B896AA /* FBSDKLoginKit.framework */,
				250347E91DDF597500B896AA /* FBSDKCoreKit.framework */,
				B360800C2A9D1D23C9C5FE1A /* Pods_FlatironMasterpiece.framework */,
			);
			name = Frameworks;
			sourceTree = "<group>";
		};
/* End PBXGroup section */

/* Begin PBXNativeTarget section */
		27AAFE2A1DDAC9AA00C08348 /* FlatironMasterpiece */ = {
			isa = PBXNativeTarget;
			buildConfigurationList = 27AAFE3D1DDAC9AA00C08348 /* Build configuration list for PBXNativeTarget "FlatironMasterpiece" */;
			buildPhases = (
				A7D856BC44D937B10D7753BE /* [CP] Check Pods Manifest.lock */,
				27AAFE271DDAC9AA00C08348 /* Sources */,
				27AAFE281DDAC9AA00C08348 /* Frameworks */,
				27AAFE291DDAC9AA00C08348 /* Resources */,
				259B731E14107E63AB68B336 /* [CP] Embed Pods Frameworks */,
				23BAFD4351F2B3AC39233300 /* [CP] Copy Pods Resources */,
			);
			buildRules = (
			);
			dependencies = (
			);
			name = FlatironMasterpiece;
			productName = FlatironMasterpiece;
			productReference = 27AAFE2B1DDAC9AA00C08348 /* FlatironMasterpiece.app */;
			productType = "com.apple.product-type.application";
		};
/* End PBXNativeTarget section */

/* Begin PBXProject section */
		27AAFE231DDAC9AA00C08348 /* Project object */ = {
			isa = PBXProject;
			attributes = {
				LastSwiftUpdateCheck = 0810;
				LastUpgradeCheck = 0810;
				ORGANIZATIONNAME = "Elias Miller";
				TargetAttributes = {
					27AAFE2A1DDAC9AA00C08348 = {
						CreatedOnToolsVersion = 8.1;
						DevelopmentTeam = KXY9EDFTF5;
						ProvisioningStyle = Automatic;
						SystemCapabilities = {
							com.apple.Keychain = {
								enabled = 1;
							};
						};
					};
				};
			};
			buildConfigurationList = 27AAFE261DDAC9AA00C08348 /* Build configuration list for PBXProject "FlatironMasterpiece" */;
			compatibilityVersion = "Xcode 3.2";
			developmentRegion = English;
			hasScannedForEncodings = 0;
			knownRegions = (
				en,
				Base,
			);
			mainGroup = 27AAFE221DDAC9AA00C08348;
			productRefGroup = 27AAFE2C1DDAC9AA00C08348 /* Products */;
			projectDirPath = "";
			projectRoot = "";
			targets = (
				27AAFE2A1DDAC9AA00C08348 /* FlatironMasterpiece */,
			);
		};
/* End PBXProject section */

/* Begin PBXResourcesBuildPhase section */
		27AAFE291DDAC9AA00C08348 /* Resources */ = {
			isa = PBXResourcesBuildPhase;
			buildActionMask = 2147483647;
			files = (
				45F509FA1DE4F1CA00A4F9C4 /* ShakeGestureView.xib in Resources */,
				25E4F4AB1DEA10B600CFDE32 /* Chat.storyboard in Resources */,
				4539213F1DEC777300D19A45 /* TableViewCell.xib in Resources */,
				27AAFE391DDAC9AA00C08348 /* LaunchScreen.storyboard in Resources */,
				452C599A1DE5EABC005884EE /* SelectedRestaurant.xib in Resources */,
				27AAFE361DDAC9AA00C08348 /* Assets.xcassets in Resources */,
				45F19ADC1DED2B36007EAACD /* YanoneKaffeesatz-Bold.ttf in Resources */,
				45F19ADD1DED2B36007EAACD /* YanoneKaffeesatz-ExtraLight.ttf in Resources */,
				45F19ADE1DED2B36007EAACD /* YanoneKaffeesatz-Light.ttf in Resources */,
				45F19ADF1DED2B36007EAACD /* YanoneKaffeesatz-Regular.ttf in Resources */,
				45F19AEB1DEDCE33007EAACD /* OpenSans-Bold.ttf in Resources */,
				45F19AEC1DEDCE33007EAACD /* OpenSans-BoldItalic.ttf in Resources */,
				45F19AED1DEDCE33007EAACD /* OpenSans-ExtraBold.ttf in Resources */,
				45F19AEE1DEDCE33007EAACD /* OpenSans-ExtraBoldItalic.ttf in Resources */,
				45F19AEF1DEDCE33007EAACD /* OpenSans-Italic.ttf in Resources */,
				45F19AF01DEDCE33007EAACD /* OpenSans-Light.ttf in Resources */,
				45F19AF11DEDCE33007EAACD /* OpenSans-LightItalic.ttf in Resources */,
				45F19AF21DEDCE33007EAACD /* OpenSans-Regular.ttf in Resources */,
				45F19AF31DEDCE33007EAACD /* OpenSans-Semibold.ttf in Resources */,
				45F19AF41DEDCE33007EAACD /* OpenSans-SemiboldItalic.ttf in Resources */,
				270DAE361DEF8D6300100E58 /* GoogleService-Info.plist in Resources */,
			);
			runOnlyForDeploymentPostprocessing = 0;
		};
/* End PBXResourcesBuildPhase section */

/* Begin PBXShellScriptBuildPhase section */
		23BAFD4351F2B3AC39233300 /* [CP] Copy Pods Resources */ = {
			isa = PBXShellScriptBuildPhase;
			buildActionMask = 2147483647;
			files = (
			);
			inputPaths = (
			);
			name = "[CP] Copy Pods Resources";
			outputPaths = (
			);
			runOnlyForDeploymentPostprocessing = 0;
			shellPath = /bin/sh;
			shellScript = "\"${SRCROOT}/Pods/Target Support Files/Pods-FlatironMasterpiece/Pods-FlatironMasterpiece-resources.sh\"\n";
			showEnvVarsInLog = 0;
		};
		259B731E14107E63AB68B336 /* [CP] Embed Pods Frameworks */ = {
			isa = PBXShellScriptBuildPhase;
			buildActionMask = 2147483647;
			files = (
			);
			inputPaths = (
			);
			name = "[CP] Embed Pods Frameworks";
			outputPaths = (
			);
			runOnlyForDeploymentPostprocessing = 0;
			shellPath = /bin/sh;
			shellScript = "\"${SRCROOT}/Pods/Target Support Files/Pods-FlatironMasterpiece/Pods-FlatironMasterpiece-frameworks.sh\"\n";
			showEnvVarsInLog = 0;
		};
		A7D856BC44D937B10D7753BE /* [CP] Check Pods Manifest.lock */ = {
			isa = PBXShellScriptBuildPhase;
			buildActionMask = 2147483647;
			files = (
			);
			inputPaths = (
			);
			name = "[CP] Check Pods Manifest.lock";
			outputPaths = (
			);
			runOnlyForDeploymentPostprocessing = 0;
			shellPath = /bin/sh;
			shellScript = "diff \"${PODS_ROOT}/../Podfile.lock\" \"${PODS_ROOT}/Manifest.lock\" > /dev/null\nif [ $? != 0 ] ; then\n    # print error to STDERR\n    echo \"error: The sandbox is not in sync with the Podfile.lock. Run 'pod install' or update your CocoaPods installation.\" >&2\n    exit 1\nfi\n";
			showEnvVarsInLog = 0;
		};
/* End PBXShellScriptBuildPhase section */

/* Begin PBXSourcesBuildPhase section */
		27AAFE271DDAC9AA00C08348 /* Sources */ = {
			isa = PBXSourcesBuildPhase;
			buildActionMask = 2147483647;
			files = (
				25E4F4A91DEA107B00CFDE32 /* (null) in Sources */,
				2726A7DD1DEE049E00ABE4BA /* User.swift in Sources */,
				45F8AD8F1DDF83CF001BD45C /* CuisineCollectionViewCell.swift in Sources */,
				45F509FC1DE4FD0D00A4F9C4 /* ShakeView.swift in Sources */,
				45C84AAB1DDE2A8E00E623F8 /* UsersDataStore.swift in Sources */,
				453E06B41DE8EBC8007EE25A /* SelectedRestaurantViewController.swift in Sources */,
				453921331DEB8C0B00D19A45 /* TagAlongViewController.swift in Sources */,
				45AD14441DE16E16005B91CD /* GetLocationViewController.swift in Sources */,
				453E06B21DE8E8C6007EE25A /* RestaurantView.swift in Sources */,
				45AB2D821DDD7F9400F5D09A /* RestaurantDataStore.swift in Sources */,
				45F509F81DE4E92900A4F9C4 /* ShakeInstructionViewController.swift in Sources */,
				278E32AB1DEDEAFA00D35576 /* Secrets.swift in Sources */,
				2726A7DC1DEE049E00ABE4BA /* Restaurant.swift in Sources */,
				45AD14421DE166C9005B91CD /* PreferencesViewController.swift in Sources */,
				27E72DD91DDEAC14007EC098 /* AccountCreationView.swift in Sources */,
				45F553461DDCF01E002E799A /* APIClientGooglePlaces.swift in Sources */,
				95948B931DDE53B900C94BB4 /* LogInViewController.swift in Sources */,
				250347C01DDD1A1B00B896AA /* AccountCreationViewController.swift in Sources */,
				45F8AD6D1DDF5155001BD45C /* Extensions.swift in Sources */,
				950A2C6F1DEC9F01001F2145 /* Scheduler.swift in Sources */,
				950A2C6D1DE9F95D001F2145 /* Direction.swift in Sources */,
				27AAFE2F1DDAC9AA00C08348 /* AppDelegate.swift in Sources */,
				453921411DEC778700D19A45 /* TableViewCell.swift in Sources */,
				45FA58231DE9D1EF0075D914 /* SearchOrTagAlongViewController.swift in Sources */,
				25C9897C1DE347DB003C993C /* ChatViewController.swift in Sources */,
				453921351DEB8E5100D19A45 /* TabBarController.swift in Sources */,
				950A2C6B1DE61C57001F2145 /* CardViewController.swift in Sources */,
				950A2C691DE5FF3E001F2145 /* CardView.swift in Sources */,
			);
			runOnlyForDeploymentPostprocessing = 0;
		};
/* End PBXSourcesBuildPhase section */

/* Begin PBXVariantGroup section */
		27AAFE371DDAC9AA00C08348 /* LaunchScreen.storyboard */ = {
			isa = PBXVariantGroup;
			children = (
				27AAFE381DDAC9AA00C08348 /* Base */,
			);
			name = LaunchScreen.storyboard;
			sourceTree = "<group>";
		};
/* End PBXVariantGroup section */

/* Begin XCBuildConfiguration section */
		27AAFE3B1DDAC9AA00C08348 /* Debug */ = {
			isa = XCBuildConfiguration;
			buildSettings = {
				ALWAYS_SEARCH_USER_PATHS = NO;
				CLANG_ANALYZER_NONNULL = YES;
				CLANG_CXX_LANGUAGE_STANDARD = "gnu++0x";
				CLANG_CXX_LIBRARY = "libc++";
				CLANG_ENABLE_MODULES = YES;
				CLANG_ENABLE_OBJC_ARC = YES;
				CLANG_WARN_BOOL_CONVERSION = YES;
				CLANG_WARN_CONSTANT_CONVERSION = YES;
				CLANG_WARN_DIRECT_OBJC_ISA_USAGE = YES_ERROR;
				CLANG_WARN_DOCUMENTATION_COMMENTS = YES;
				CLANG_WARN_EMPTY_BODY = YES;
				CLANG_WARN_ENUM_CONVERSION = YES;
				CLANG_WARN_INFINITE_RECURSION = YES;
				CLANG_WARN_INT_CONVERSION = YES;
				CLANG_WARN_OBJC_ROOT_CLASS = YES_ERROR;
				CLANG_WARN_SUSPICIOUS_MOVES = YES;
				CLANG_WARN_UNREACHABLE_CODE = YES;
				CLANG_WARN__DUPLICATE_METHOD_MATCH = YES;
				"CODE_SIGN_IDENTITY[sdk=iphoneos*]" = "iPhone Developer";
				COPY_PHASE_STRIP = NO;
				DEBUG_INFORMATION_FORMAT = dwarf;
				ENABLE_STRICT_OBJC_MSGSEND = YES;
				ENABLE_TESTABILITY = YES;
				FRAMEWORK_SEARCH_PATHS = " ~/Documents/FacebookSDK";
				GCC_C_LANGUAGE_STANDARD = gnu99;
				GCC_DYNAMIC_NO_PIC = NO;
				GCC_NO_COMMON_BLOCKS = YES;
				GCC_OPTIMIZATION_LEVEL = 0;
				GCC_PREPROCESSOR_DEFINITIONS = (
					"DEBUG=1",
					"$(inherited)",
				);
				GCC_WARN_64_TO_32_BIT_CONVERSION = YES;
				GCC_WARN_ABOUT_RETURN_TYPE = YES_ERROR;
				GCC_WARN_UNDECLARED_SELECTOR = YES;
				GCC_WARN_UNINITIALIZED_AUTOS = YES_AGGRESSIVE;
				GCC_WARN_UNUSED_FUNCTION = YES;
				GCC_WARN_UNUSED_VARIABLE = YES;
				IPHONEOS_DEPLOYMENT_TARGET = 10.1;
				MTL_ENABLE_DEBUG_INFO = YES;
				ONLY_ACTIVE_ARCH = YES;
				SDKROOT = iphoneos;
				SWIFT_ACTIVE_COMPILATION_CONDITIONS = DEBUG;
				SWIFT_OPTIMIZATION_LEVEL = "-Onone";
				TARGETED_DEVICE_FAMILY = "1,2";
			};
			name = Debug;
		};
		27AAFE3C1DDAC9AA00C08348 /* Release */ = {
			isa = XCBuildConfiguration;
			buildSettings = {
				ALWAYS_SEARCH_USER_PATHS = NO;
				CLANG_ANALYZER_NONNULL = YES;
				CLANG_CXX_LANGUAGE_STANDARD = "gnu++0x";
				CLANG_CXX_LIBRARY = "libc++";
				CLANG_ENABLE_MODULES = YES;
				CLANG_ENABLE_OBJC_ARC = YES;
				CLANG_WARN_BOOL_CONVERSION = YES;
				CLANG_WARN_CONSTANT_CONVERSION = YES;
				CLANG_WARN_DIRECT_OBJC_ISA_USAGE = YES_ERROR;
				CLANG_WARN_DOCUMENTATION_COMMENTS = YES;
				CLANG_WARN_EMPTY_BODY = YES;
				CLANG_WARN_ENUM_CONVERSION = YES;
				CLANG_WARN_INFINITE_RECURSION = YES;
				CLANG_WARN_INT_CONVERSION = YES;
				CLANG_WARN_OBJC_ROOT_CLASS = YES_ERROR;
				CLANG_WARN_SUSPICIOUS_MOVES = YES;
				CLANG_WARN_UNREACHABLE_CODE = YES;
				CLANG_WARN__DUPLICATE_METHOD_MATCH = YES;
				"CODE_SIGN_IDENTITY[sdk=iphoneos*]" = "iPhone Developer";
				COPY_PHASE_STRIP = NO;
				DEBUG_INFORMATION_FORMAT = "dwarf-with-dsym";
				ENABLE_NS_ASSERTIONS = NO;
				ENABLE_STRICT_OBJC_MSGSEND = YES;
				FRAMEWORK_SEARCH_PATHS = " ~/Documents/FacebookSDK";
				GCC_C_LANGUAGE_STANDARD = gnu99;
				GCC_NO_COMMON_BLOCKS = YES;
				GCC_WARN_64_TO_32_BIT_CONVERSION = YES;
				GCC_WARN_ABOUT_RETURN_TYPE = YES_ERROR;
				GCC_WARN_UNDECLARED_SELECTOR = YES;
				GCC_WARN_UNINITIALIZED_AUTOS = YES_AGGRESSIVE;
				GCC_WARN_UNUSED_FUNCTION = YES;
				GCC_WARN_UNUSED_VARIABLE = YES;
				IPHONEOS_DEPLOYMENT_TARGET = 10.1;
				MTL_ENABLE_DEBUG_INFO = NO;
				SDKROOT = iphoneos;
				SWIFT_OPTIMIZATION_LEVEL = "-Owholemodule";
				TARGETED_DEVICE_FAMILY = "1,2";
				VALIDATE_PRODUCT = YES;
			};
			name = Release;
		};
		27AAFE3E1DDAC9AA00C08348 /* Debug */ = {
			isa = XCBuildConfiguration;
			baseConfigurationReference = D21ECE4CD9C9E494BBB53F75 /* Pods-FlatironMasterpiece.debug.xcconfig */;
			buildSettings = {
				ASSETCATALOG_COMPILER_APPICON_NAME = AppIcon;
				CODE_SIGN_ENTITLEMENTS = FlatironMasterpiece/FlatironMasterpiece.entitlements;
				"CODE_SIGN_IDENTITY[sdk=iphoneos*]" = "iPhone Developer";
				DEVELOPMENT_TEAM = KXY9EDFTF5;
				FRAMEWORK_SEARCH_PATHS = (
					"$(inherited)",
					"$(PROJECT_DIR)/FlatironMasterpiece",
				);
				INFOPLIST_FILE = FlatironMasterpiece/Info.plist;
				IPHONEOS_DEPLOYMENT_TARGET = 9.3;
				LD_RUNPATH_SEARCH_PATHS = "$(inherited) @executable_path/Frameworks";
				PRODUCT_BUNDLE_IDENTIFIER = "com.flatironschool.team-carrot-coat";
				PRODUCT_NAME = "$(TARGET_NAME)";
				SWIFT_VERSION = 3.0;
			};
			name = Debug;
		};
		27AAFE3F1DDAC9AA00C08348 /* Release */ = {
			isa = XCBuildConfiguration;
			baseConfigurationReference = 5EBB6121FCD11B18DB9E3EE7 /* Pods-FlatironMasterpiece.release.xcconfig */;
			buildSettings = {
				ASSETCATALOG_COMPILER_APPICON_NAME = AppIcon;
				CODE_SIGN_ENTITLEMENTS = FlatironMasterpiece/FlatironMasterpiece.entitlements;
				"CODE_SIGN_IDENTITY[sdk=iphoneos*]" = "iPhone Developer";
				DEVELOPMENT_TEAM = KXY9EDFTF5;
				FRAMEWORK_SEARCH_PATHS = (
					"$(inherited)",
					"$(PROJECT_DIR)/FlatironMasterpiece",
				);
				INFOPLIST_FILE = FlatironMasterpiece/Info.plist;
				IPHONEOS_DEPLOYMENT_TARGET = 9.3;
				LD_RUNPATH_SEARCH_PATHS = "$(inherited) @executable_path/Frameworks";
				PRODUCT_BUNDLE_IDENTIFIER = "com.flatironschool.team-carrot-coat";
				PRODUCT_NAME = "$(TARGET_NAME)";
				SWIFT_VERSION = 3.0;
			};
			name = Release;
		};
/* End XCBuildConfiguration section */

/* Begin XCConfigurationList section */
		27AAFE261DDAC9AA00C08348 /* Build configuration list for PBXProject "FlatironMasterpiece" */ = {
			isa = XCConfigurationList;
			buildConfigurations = (
				27AAFE3B1DDAC9AA00C08348 /* Debug */,
				27AAFE3C1DDAC9AA00C08348 /* Release */,
			);
			defaultConfigurationIsVisible = 0;
			defaultConfigurationName = Release;
		};
		27AAFE3D1DDAC9AA00C08348 /* Build configuration list for PBXNativeTarget "FlatironMasterpiece" */ = {
			isa = XCConfigurationList;
			buildConfigurations = (
				27AAFE3E1DDAC9AA00C08348 /* Debug */,
				27AAFE3F1DDAC9AA00C08348 /* Release */,
			);
			defaultConfigurationIsVisible = 0;
			defaultConfigurationName = Release;
		};
/* End XCConfigurationList section */
	};
	rootObject = 27AAFE231DDAC9AA00C08348 /* Project object */;
}
