// !$*UTF8*$!
{
	archiveVersion = 1;
	classes = {
	};
	objectVersion = 46;
	objects = {

/* Begin PBXBuildFile section */
		250347BF1DDD1A1B00B896AA /* AccountCreationView.swift in Sources */ = {isa = PBXBuildFile; fileRef = 250347BD1DDD1A1B00B896AA /* AccountCreationView.swift */; };
		250347C01DDD1A1B00B896AA /* AccountCreationViewController.swift in Sources */ = {isa = PBXBuildFile; fileRef = 250347BE1DDD1A1B00B896AA /* AccountCreationViewController.swift */; };
		250347C21DDD1B8200B896AA /* features:AccountCreation.swift in Sources */ = {isa = PBXBuildFile; fileRef = 250347C11DDD1B8200B896AA /* features:AccountCreation.swift */; };
		2623031424E2DCD30372C65C /* Pods_FlatironMasterpiece.framework in Frameworks */ = {isa = PBXBuildFile; fileRef = B360800C2A9D1D23C9C5FE1A /* Pods_FlatironMasterpiece.framework */; };
		275D177B1DDB8869001CE463 /* User.swift in Sources */ = {isa = PBXBuildFile; fileRef = 275D177A1DDB8869001CE463 /* User.swift */; };
		27AAFE2F1DDAC9AA00C08348 /* AppDelegate.swift in Sources */ = {isa = PBXBuildFile; fileRef = 27AAFE2E1DDAC9AA00C08348 /* AppDelegate.swift */; };
		27AAFE311DDAC9AA00C08348 /* ViewController.swift in Sources */ = {isa = PBXBuildFile; fileRef = 27AAFE301DDAC9AA00C08348 /* ViewController.swift */; };
		27AAFE341DDAC9AA00C08348 /* Main.storyboard in Resources */ = {isa = PBXBuildFile; fileRef = 27AAFE321DDAC9AA00C08348 /* Main.storyboard */; };
		27AAFE361DDAC9AA00C08348 /* Assets.xcassets in Resources */ = {isa = PBXBuildFile; fileRef = 27AAFE351DDAC9AA00C08348 /* Assets.xcassets */; };
		27AAFE391DDAC9AA00C08348 /* LaunchScreen.storyboard in Resources */ = {isa = PBXBuildFile; fileRef = 27AAFE371DDAC9AA00C08348 /* LaunchScreen.storyboard */; };
/* End PBXBuildFile section */

/* Begin PBXFileReference section */
		250347BD1DDD1A1B00B896AA /* AccountCreationView.swift */ = {isa = PBXFileReference; fileEncoding = 4; lastKnownFileType = sourcecode.swift; path = AccountCreationView.swift; sourceTree = "<group>"; };
		250347BE1DDD1A1B00B896AA /* AccountCreationViewController.swift */ = {isa = PBXFileReference; fileEncoding = 4; lastKnownFileType = sourcecode.swift; path = AccountCreationViewController.swift; sourceTree = "<group>"; };
		250347C11DDD1B8200B896AA /* features:AccountCreation.swift */ = {isa = PBXFileReference; fileEncoding = 4; lastKnownFileType = sourcecode.swift; path = "features:AccountCreation.swift"; sourceTree = "<group>"; };
		275D177A1DDB8869001CE463 /* User.swift */ = {isa = PBXFileReference; fileEncoding = 4; lastKnownFileType = sourcecode.swift; path = User.swift; sourceTree = "<group>"; };
		27AAFE2B1DDAC9AA00C08348 /* FlatironMasterpiece.app */ = {isa = PBXFileReference; explicitFileType = wrapper.application; includeInIndex = 0; path = FlatironMasterpiece.app; sourceTree = BUILT_PRODUCTS_DIR; };
		27AAFE2E1DDAC9AA00C08348 /* AppDelegate.swift */ = {isa = PBXFileReference; lastKnownFileType = sourcecode.swift; path = AppDelegate.swift; sourceTree = "<group>"; };
		27AAFE301DDAC9AA00C08348 /* ViewController.swift */ = {isa = PBXFileReference; lastKnownFileType = sourcecode.swift; path = ViewController.swift; sourceTree = "<group>"; };
		27AAFE331DDAC9AA00C08348 /* Base */ = {isa = PBXFileReference; lastKnownFileType = file.storyboard; name = Base; path = Base.lproj/Main.storyboard; sourceTree = "<group>"; };
		27AAFE351DDAC9AA00C08348 /* Assets.xcassets */ = {isa = PBXFileReference; lastKnownFileType = folder.assetcatalog; path = Assets.xcassets; sourceTree = "<group>"; };
		27AAFE381DDAC9AA00C08348 /* Base */ = {isa = PBXFileReference; lastKnownFileType = file.storyboard; name = Base; path = Base.lproj/LaunchScreen.storyboard; sourceTree = "<group>"; };
		27AAFE3A1DDAC9AA00C08348 /* Info.plist */ = {isa = PBXFileReference; lastKnownFileType = text.plist.xml; path = Info.plist; sourceTree = "<group>"; };
		5EBB6121FCD11B18DB9E3EE7 /* Pods-FlatironMasterpiece.release.xcconfig */ = {isa = PBXFileReference; includeInIndex = 1; lastKnownFileType = text.xcconfig; name = "Pods-FlatironMasterpiece.release.xcconfig"; path = "Pods/Target Support Files/Pods-FlatironMasterpiece/Pods-FlatironMasterpiece.release.xcconfig"; sourceTree = "<group>"; };
		B360800C2A9D1D23C9C5FE1A /* Pods_FlatironMasterpiece.framework */ = {isa = PBXFileReference; explicitFileType = wrapper.framework; includeInIndex = 0; path = Pods_FlatironMasterpiece.framework; sourceTree = BUILT_PRODUCTS_DIR; };
		D21ECE4CD9C9E494BBB53F75 /* Pods-FlatironMasterpiece.debug.xcconfig */ = {isa = PBXFileReference; includeInIndex = 1; lastKnownFileType = text.xcconfig; name = "Pods-FlatironMasterpiece.debug.xcconfig"; path = "Pods/Target Support Files/Pods-FlatironMasterpiece/Pods-FlatironMasterpiece.debug.xcconfig"; sourceTree = "<group>"; };
/* End PBXFileReference section */

/* Begin PBXFrameworksBuildPhase section */
		27AAFE281DDAC9AA00C08348 /* Frameworks */ = {
			isa = PBXFrameworksBuildPhase;
			buildActionMask = 2147483647;
			files = (
				2623031424E2DCD30372C65C /* Pods_FlatironMasterpiece.framework in Frameworks */,
			);
			runOnlyForDeploymentPostprocessing = 0;
		};
/* End PBXFrameworksBuildPhase section */

/* Begin PBXGroup section */
		27AAFE221DDAC9AA00C08348 = {
			isa = PBXGroup;
			children = (
				27AAFE2D1DDAC9AA00C08348 /* FlatironMasterpiece */,
				27AAFE2C1DDAC9AA00C08348 /* Products */,
				F21936DC72EBB2F540AE7ED2 /* Pods */,
				F47726B9129C6E69575B1848 /* Frameworks */,
			);
			sourceTree = "<group>";
		};
		27AAFE2C1DDAC9AA00C08348 /* Products */ = {
			isa = PBXGroup;
			children = (
				27AAFE2B1DDAC9AA00C08348 /* FlatironMasterpiece.app */,
			);
			name = Products;
			sourceTree = "<group>";
		};
		27AAFE2D1DDAC9AA00C08348 /* FlatironMasterpiece */ = {
			isa = PBXGroup;
			children = (
				250347C11DDD1B8200B896AA /* features:AccountCreation.swift */,
				27AAFE2E1DDAC9AA00C08348 /* AppDelegate.swift */,
				27AAFE301DDAC9AA00C08348 /* ViewController.swift */,
				27AAFE321DDAC9AA00C08348 /* Main.storyboard */,
				250347BD1DDD1A1B00B896AA /* AccountCreationView.swift */,
				250347BE1DDD1A1B00B896AA /* AccountCreationViewController.swift */,
				275D177A1DDB8869001CE463 /* User.swift */,
				27AAFE351DDAC9AA00C08348 /* Assets.xcassets */,
				27AAFE371DDAC9AA00C08348 /* LaunchScreen.storyboard */,
				27AAFE3A1DDAC9AA00C08348 /* Info.plist */,
			);
			path = FlatironMasterpiece;
			sourceTree = "<group>";
		};
		F21936DC72EBB2F540AE7ED2 /* Pods */ = {
			isa = PBXGroup;
			children = (
				D21ECE4CD9C9E494BBB53F75 /* Pods-FlatironMasterpiece.debug.xcconfig */,
				5EBB6121FCD11B18DB9E3EE7 /* Pods-FlatironMasterpiece.release.xcconfig */,
			);
			name = Pods;
			sourceTree = "<group>";
		};
		F47726B9129C6E69575B1848 /* Frameworks */ = {
			isa = PBXGroup;
			children = (
				B360800C2A9D1D23C9C5FE1A /* Pods_FlatironMasterpiece.framework */,
			);
			name = Frameworks;
			sourceTree = "<group>";
		};
/* End PBXGroup section */

/* Begin PBXNativeTarget section */
		27AAFE2A1DDAC9AA00C08348 /* FlatironMasterpiece */ = {
			isa = PBXNativeTarget;
			buildConfigurationList = 27AAFE3D1DDAC9AA00C08348 /* Build configuration list for PBXNativeTarget "FlatironMasterpiece" */;
			buildPhases = (
				C00D170218F42D9ABF2592E2 /* [CP] Check Pods Manifest.lock */,
				27AAFE271DDAC9AA00C08348 /* Sources */,
				27AAFE281DDAC9AA00C08348 /* Frameworks */,
				27AAFE291DDAC9AA00C08348 /* Resources */,
				D5646F83F63F92936815156C /* [CP] Embed Pods Frameworks */,
				17705D1CDFC898CBF1F71688 /* [CP] Copy Pods Resources */,
			);
			buildRules = (
			);
			dependencies = (
			);
			name = FlatironMasterpiece;
			productName = FlatironMasterpiece;
			productReference = 27AAFE2B1DDAC9AA00C08348 /* FlatironMasterpiece.app */;
			productType = "com.apple.product-type.application";
		};
/* End PBXNativeTarget section */

/* Begin PBXProject section */
		27AAFE231DDAC9AA00C08348 /* Project object */ = {
			isa = PBXProject;
			attributes = {
				LastSwiftUpdateCheck = 0810;
				LastUpgradeCheck = 0810;
				ORGANIZATIONNAME = "Elias Miller";
				TargetAttributes = {
					27AAFE2A1DDAC9AA00C08348 = {
						CreatedOnToolsVersion = 8.1;
						DevelopmentTeam = T88J73TZ8D;
						ProvisioningStyle = Automatic;
					};
				};
			};
			buildConfigurationList = 27AAFE261DDAC9AA00C08348 /* Build configuration list for PBXProject "FlatironMasterpiece" */;
			compatibilityVersion = "Xcode 3.2";
			developmentRegion = English;
			hasScannedForEncodings = 0;
			knownRegions = (
				en,
				Base,
			);
			mainGroup = 27AAFE221DDAC9AA00C08348;
			productRefGroup = 27AAFE2C1DDAC9AA00C08348 /* Products */;
			projectDirPath = "";
			projectRoot = "";
			targets = (
				27AAFE2A1DDAC9AA00C08348 /* FlatironMasterpiece */,
			);
		};
/* End PBXProject section */

/* Begin PBXResourcesBuildPhase section */
		27AAFE291DDAC9AA00C08348 /* Resources */ = {
			isa = PBXResourcesBuildPhase;
			buildActionMask = 2147483647;
			files = (
				27AAFE391DDAC9AA00C08348 /* LaunchScreen.storyboard in Resources */,
				27AAFE361DDAC9AA00C08348 /* Assets.xcassets in Resources */,
				27AAFE341DDAC9AA00C08348 /* Main.storyboard in Resources */,
			);
			runOnlyForDeploymentPostprocessing = 0;
		};
/* End PBXResourcesBuildPhase section */

/* Begin PBXShellScriptBuildPhase section */
		17705D1CDFC898CBF1F71688 /* [CP] Copy Pods Resources */ = {
			isa = PBXShellScriptBuildPhase;
			buildActionMask = 2147483647;
			files = (
			);
			inputPaths = (
			);
			name = "[CP] Copy Pods Resources";
			outputPaths = (
			);
			runOnlyForDeploymentPostprocessing = 0;
			shellPath = /bin/sh;
			shellScript = "\"${SRCROOT}/Pods/Target Support Files/Pods-FlatironMasterpiece/Pods-FlatironMasterpiece-resources.sh\"\n";
			showEnvVarsInLog = 0;
		};
		C00D170218F42D9ABF2592E2 /* [CP] Check Pods Manifest.lock */ = {
			isa = PBXShellScriptBuildPhase;
			buildActionMask = 2147483647;
			files = (
			);
			inputPaths = (
			);
			name = "[CP] Check Pods Manifest.lock";
			outputPaths = (
			);
			runOnlyForDeploymentPostprocessing = 0;
			shellPath = /bin/sh;
			shellScript = "diff \"${PODS_ROOT}/../Podfile.lock\" \"${PODS_ROOT}/Manifest.lock\" > /dev/null\nif [ $? != 0 ] ; then\n    # print error to STDERR\n    echo \"error: The sandbox is not in sync with the Podfile.lock. Run 'pod install' or update your CocoaPods installation.\" >&2\n    exit 1\nfi\n";
			showEnvVarsInLog = 0;
		};
		D5646F83F63F92936815156C /* [CP] Embed Pods Frameworks */ = {
			isa = PBXShellScriptBuildPhase;
			buildActionMask = 2147483647;
			files = (
			);
			inputPaths = (
			);
			name = "[CP] Embed Pods Frameworks";
			outputPaths = (
			);
			runOnlyForDeploymentPostprocessing = 0;
			shellPath = /bin/sh;
			shellScript = "\"${SRCROOT}/Pods/Target Support Files/Pods-FlatironMasterpiece/Pods-FlatironMasterpiece-frameworks.sh\"\n";
			showEnvVarsInLog = 0;
		};
/* End PBXShellScriptBuildPhase section */

/* Begin PBXSourcesBuildPhase section */
		27AAFE271DDAC9AA00C08348 /* Sources */ = {
			isa = PBXSourcesBuildPhase;
			buildActionMask = 2147483647;
			files = (
				250347C21DDD1B8200B896AA /* features:AccountCreation.swift in Sources */,
				27AAFE311DDAC9AA00C08348 /* ViewController.swift in Sources */,
				250347BF1DDD1A1B00B896AA /* AccountCreationView.swift in Sources */,
				250347C01DDD1A1B00B896AA /* AccountCreationViewController.swift in Sources */,
				27AAFE2F1DDAC9AA00C08348 /* AppDelegate.swift in Sources */,
				275D177B1DDB8869001CE463 /* User.swift in Sources */,
			);
			runOnlyForDeploymentPostprocessing = 0;
		};
/* End PBXSourcesBuildPhase section */

/* Begin PBXVariantGroup section */
		27AAFE321DDAC9AA00C08348 /* Main.storyboard */ = {
			isa = PBXVariantGroup;
			children = (
				27AAFE331DDAC9AA00C08348 /* Base */,
			);
			name = Main.storyboard;
			sourceTree = "<group>";
		};
		27AAFE371DDAC9AA00C08348 /* LaunchScreen.storyboard */ = {
			isa = PBXVariantGroup;
			children = (
				27AAFE381DDAC9AA00C08348 /* Base */,
			);
			name = LaunchScreen.storyboard;
			sourceTree = "<group>";
		};
/* End PBXVariantGroup section */

/* Begin XCBuildConfiguration section */
		27AAFE3B1DDAC9AA00C08348 /* Debug */ = {
			isa = XCBuildConfiguration;
			buildSettings = {
				ALWAYS_SEARCH_USER_PATHS = NO;
				CLANG_ANALYZER_NONNULL = YES;
				CLANG_CXX_LANGUAGE_STANDARD = "gnu++0x";
				CLANG_CXX_LIBRARY = "libc++";
				CLANG_ENABLE_MODULES = YES;
				CLANG_ENABLE_OBJC_ARC = YES;
				CLANG_WARN_BOOL_CONVERSION = YES;
				CLANG_WARN_CONSTANT_CONVERSION = YES;
				CLANG_WARN_DIRECT_OBJC_ISA_USAGE = YES_ERROR;
				CLANG_WARN_DOCUMENTATION_COMMENTS = YES;
				CLANG_WARN_EMPTY_BODY = YES;
				CLANG_WARN_ENUM_CONVERSION = YES;
				CLANG_WARN_INFINITE_RECURSION = YES;
				CLANG_WARN_INT_CONVERSION = YES;
				CLANG_WARN_OBJC_ROOT_CLASS = YES_ERROR;
				CLANG_WARN_SUSPICIOUS_MOVES = YES;
				CLANG_WARN_UNREACHABLE_CODE = YES;
				CLANG_WARN__DUPLICATE_METHOD_MATCH = YES;
				"CODE_SIGN_IDENTITY[sdk=iphoneos*]" = "iPhone Developer";
				COPY_PHASE_STRIP = NO;
				DEBUG_INFORMATION_FORMAT = dwarf;
				ENABLE_STRICT_OBJC_MSGSEND = YES;
				ENABLE_TESTABILITY = YES;
				GCC_C_LANGUAGE_STANDARD = gnu99;
				GCC_DYNAMIC_NO_PIC = NO;
				GCC_NO_COMMON_BLOCKS = YES;
				GCC_OPTIMIZATION_LEVEL = 0;
				GCC_PREPROCESSOR_DEFINITIONS = (
					"DEBUG=1",
					"$(inherited)",
				);
				GCC_WARN_64_TO_32_BIT_CONVERSION = YES;
				GCC_WARN_ABOUT_RETURN_TYPE = YES_ERROR;
				GCC_WARN_UNDECLARED_SELECTOR = YES;
				GCC_WARN_UNINITIALIZED_AUTOS = YES_AGGRESSIVE;
				GCC_WARN_UNUSED_FUNCTION = YES;
				GCC_WARN_UNUSED_VARIABLE = YES;
				IPHONEOS_DEPLOYMENT_TARGET = 10.1;
				MTL_ENABLE_DEBUG_INFO = YES;
				ONLY_ACTIVE_ARCH = YES;
				SDKROOT = iphoneos;
				SWIFT_ACTIVE_COMPILATION_CONDITIONS = DEBUG;
				SWIFT_OPTIMIZATION_LEVEL = "-Onone";
				TARGETED_DEVICE_FAMILY = "1,2";
			};
			name = Debug;
		};
		27AAFE3C1DDAC9AA00C08348 /* Release */ = {
			isa = XCBuildConfiguration;
			buildSettings = {
				ALWAYS_SEARCH_USER_PATHS = NO;
				CLANG_ANALYZER_NONNULL = YES;
				CLANG_CXX_LANGUAGE_STANDARD = "gnu++0x";
				CLANG_CXX_LIBRARY = "libc++";
				CLANG_ENABLE_MODULES = YES;
				CLANG_ENABLE_OBJC_ARC = YES;
				CLANG_WARN_BOOL_CONVERSION = YES;
				CLANG_WARN_CONSTANT_CONVERSION = YES;
				CLANG_WARN_DIRECT_OBJC_ISA_USAGE = YES_ERROR;
				CLANG_WARN_DOCUMENTATION_COMMENTS = YES;
				CLANG_WARN_EMPTY_BODY = YES;
				CLANG_WARN_ENUM_CONVERSION = YES;
				CLANG_WARN_INFINITE_RECURSION = YES;
				CLANG_WARN_INT_CONVERSION = YES;
				CLANG_WARN_OBJC_ROOT_CLASS = YES_ERROR;
				CLANG_WARN_SUSPICIOUS_MOVES = YES;
				CLANG_WARN_UNREACHABLE_CODE = YES;
				CLANG_WARN__DUPLICATE_METHOD_MATCH = YES;
				"CODE_SIGN_IDENTITY[sdk=iphoneos*]" = "iPhone Developer";
				COPY_PHASE_STRIP = NO;
				DEBUG_INFORMATION_FORMAT = "dwarf-with-dsym";
				ENABLE_NS_ASSERTIONS = NO;
				ENABLE_STRICT_OBJC_MSGSEND = YES;
				GCC_C_LANGUAGE_STANDARD = gnu99;
				GCC_NO_COMMON_BLOCKS = YES;
				GCC_WARN_64_TO_32_BIT_CONVERSION = YES;
				GCC_WARN_ABOUT_RETURN_TYPE = YES_ERROR;
				GCC_WARN_UNDECLARED_SELECTOR = YES;
				GCC_WARN_UNINITIALIZED_AUTOS = YES_AGGRESSIVE;
				GCC_WARN_UNUSED_FUNCTION = YES;
				GCC_WARN_UNUSED_VARIABLE = YES;
				IPHONEOS_DEPLOYMENT_TARGET = 10.1;
				MTL_ENABLE_DEBUG_INFO = NO;
				SDKROOT = iphoneos;
				SWIFT_OPTIMIZATION_LEVEL = "-Owholemodule";
				TARGETED_DEVICE_FAMILY = "1,2";
				VALIDATE_PRODUCT = YES;
			};
			name = Release;
		};
		27AAFE3E1DDAC9AA00C08348 /* Debug */ = {
			isa = XCBuildConfiguration;
			baseConfigurationReference = D21ECE4CD9C9E494BBB53F75 /* Pods-FlatironMasterpiece.debug.xcconfig */;
			buildSettings = {
				ASSETCATALOG_COMPILER_APPICON_NAME = AppIcon;
				DEVELOPMENT_TEAM = T88J73TZ8D;
				INFOPLIST_FILE = FlatironMasterpiece/Info.plist;
				LD_RUNPATH_SEARCH_PATHS = "$(inherited) @executable_path/Frameworks";
				PRODUCT_BUNDLE_IDENTIFIER = "com.FlatironSchool-CarrotCoat";
				PRODUCT_NAME = "$(TARGET_NAME)";
				SWIFT_VERSION = 3.0;
			};
			name = Debug;
		};
		27AAFE3F1DDAC9AA00C08348 /* Release */ = {
			isa = XCBuildConfiguration;
			baseConfigurationReference = 5EBB6121FCD11B18DB9E3EE7 /* Pods-FlatironMasterpiece.release.xcconfig */;
			buildSettings = {
				ASSETCATALOG_COMPILER_APPICON_NAME = AppIcon;
				DEVELOPMENT_TEAM = T88J73TZ8D;
				INFOPLIST_FILE = FlatironMasterpiece/Info.plist;
				LD_RUNPATH_SEARCH_PATHS = "$(inherited) @executable_path/Frameworks";
				PRODUCT_BUNDLE_IDENTIFIER = "com.FlatironSchool-CarrotCoat";
				PRODUCT_NAME = "$(TARGET_NAME)";
				SWIFT_VERSION = 3.0;
			};
			name = Release;
		};
/* End XCBuildConfiguration section */

/* Begin XCConfigurationList section */
		27AAFE261DDAC9AA00C08348 /* Build configuration list for PBXProject "FlatironMasterpiece" */ = {
			isa = XCConfigurationList;
			buildConfigurations = (
				27AAFE3B1DDAC9AA00C08348 /* Debug */,
				27AAFE3C1DDAC9AA00C08348 /* Release */,
			);
			defaultConfigurationIsVisible = 0;
			defaultConfigurationName = Release;
		};
		27AAFE3D1DDAC9AA00C08348 /* Build configuration list for PBXNativeTarget "FlatironMasterpiece" */ = {
			isa = XCConfigurationList;
			buildConfigurations = (
				27AAFE3E1DDAC9AA00C08348 /* Debug */,
				27AAFE3F1DDAC9AA00C08348 /* Release */,
			);
			defaultConfigurationIsVisible = 0;
			defaultConfigurationName = Release;
		};
/* End XCConfigurationList section */
	};
	rootObject = 27AAFE231DDAC9AA00C08348 /* Project object */;
}
